
Microsoft Visual Studio Solution File, Format Version 12.00
# Visual Studio Version 16
VisualStudioVersion = 16.0.30204.135
MinimumVisualStudioVersion = 15.0.26124.0
Project("{9A19103F-16F7-4668-BE54-9A1E7A4F7556}") = "CubePlaces.WEB", "WEB\CubePlaces.WEB.csproj", "{971716EF-5586-49B9-97A3-5AD56C129C0B}"
EndProject
Project("{9A19103F-16F7-4668-BE54-9A1E7A4F7556}") = "CubePlaces.Domain", "CubePlaces.Domain\CubePlaces.Domain.csproj", "{0B8657E4-58FC-40B9-AF60-527AB0839591}"
EndProject
Project("{FAE04EC0-301F-11D3-BF4B-00C04F79EFBC}") = "CubePlaces.DataAccess", "CubePlaces.DataAccess\CubePlaces.DataAccess.csproj", "{DA4A6F06-7D65-4571-97D7-B6D403251ADF}"
EndProject
Global
	GlobalSection(SolutionConfigurationPlatforms) = preSolution
		Debug|Any CPU = Debug|Any CPU
		Debug|x64 = Debug|x64
		Debug|x86 = Debug|x86
		Release|Any CPU = Release|Any CPU
		Release|x64 = Release|x64
		Release|x86 = Release|x86
	EndGlobalSection
	GlobalSection(ProjectConfigurationPlatforms) = postSolution
		{971716EF-5586-49B9-97A3-5AD56C129C0B}.Debug|Any CPU.ActiveCfg = Debug|Any CPU
		{971716EF-5586-49B9-97A3-5AD56C129C0B}.Debug|Any CPU.Build.0 = Debug|Any CPU
		{971716EF-5586-49B9-97A3-5AD56C129C0B}.Debug|x64.ActiveCfg = Debug|Any CPU
		{971716EF-5586-49B9-97A3-5AD56C129C0B}.Debug|x64.Build.0 = Debug|Any CPU
		{971716EF-5586-49B9-97A3-5AD56C129C0B}.Debug|x86.ActiveCfg = Debug|Any CPU
		{971716EF-5586-49B9-97A3-5AD56C129C0B}.Debug|x86.Build.0 = Debug|Any CPU
		{971716EF-5586-49B9-97A3-5AD56C129C0B}.Release|Any CPU.ActiveCfg = Release|Any CPU
		{971716EF-5586-49B9-97A3-5AD56C129C0B}.Release|Any CPU.Build.0 = Release|Any CPU
		{971716EF-5586-49B9-97A3-5AD56C129C0B}.Release|x64.ActiveCfg = Release|Any CPU
		{971716EF-5586-49B9-97A3-5AD56C129C0B}.Release|x64.Build.0 = Release|Any CPU
		{971716EF-5586-49B9-97A3-5AD56C129C0B}.Release|x86.ActiveCfg = Release|Any CPU
		{971716EF-5586-49B9-97A3-5AD56C129C0B}.Release|x86.Build.0 = Release|Any CPU
		{0B8657E4-58FC-40B9-AF60-527AB0839591}.Debug|Any CPU.ActiveCfg = Debug|Any CPU
		{0B8657E4-58FC-40B9-AF60-527AB0839591}.Debug|Any CPU.Build.0 = Debug|Any CPU
		{0B8657E4-58FC-40B9-AF60-527AB0839591}.Debug|x64.ActiveCfg = Debug|Any CPU
		{0B8657E4-58FC-40B9-AF60-527AB0839591}.Debug|x64.Build.0 = Debug|Any CPU
		{0B8657E4-58FC-40B9-AF60-527AB0839591}.Debug|x86.ActiveCfg = Debug|Any CPU
		{0B8657E4-58FC-40B9-AF60-527AB0839591}.Debug|x86.Build.0 = Debug|Any CPU
		{0B8657E4-58FC-40B9-AF60-527AB0839591}.Release|Any CPU.ActiveCfg = Release|Any CPU
		{0B8657E4-58FC-40B9-AF60-527AB0839591}.Release|Any CPU.Build.0 = Release|Any CPU
		{0B8657E4-58FC-40B9-AF60-527AB0839591}.Release|x64.ActiveCfg = Release|Any CPU
		{0B8657E4-58FC-40B9-AF60-527AB0839591}.Release|x64.Build.0 = Release|Any CPU
		{0B8657E4-58FC-40B9-AF60-527AB0839591}.Release|x86.ActiveCfg = Release|Any CPU
		{0B8657E4-58FC-40B9-AF60-527AB0839591}.Release|x86.Build.0 = Release|Any CPU
		{DA4A6F06-7D65-4571-97D7-B6D403251ADF}.Debug|Any CPU.ActiveCfg = Debug|Any CPU
		{DA4A6F06-7D65-4571-97D7-B6D403251ADF}.Debug|Any CPU.Build.0 = Debug|Any CPU
		{DA4A6F06-7D65-4571-97D7-B6D403251ADF}.Debug|x64.ActiveCfg = Debug|Any CPU
		{DA4A6F06-7D65-4571-97D7-B6D403251ADF}.Debug|x64.Build.0 = Debug|Any CPU
		{DA4A6F06-7D65-4571-97D7-B6D403251ADF}.Debug|x86.ActiveCfg = Debug|Any CPU
		{DA4A6F06-7D65-4571-97D7-B6D403251ADF}.Debug|x86.Build.0 = Debug|Any CPU
		{DA4A6F06-7D65-4571-97D7-B6D403251ADF}.Release|Any CPU.ActiveCfg = Release|Any CPU
		{DA4A6F06-7D65-4571-97D7-B6D403251ADF}.Release|Any CPU.Build.0 = Release|Any CPU
		{DA4A6F06-7D65-4571-97D7-B6D403251ADF}.Release|x64.ActiveCfg = Release|Any CPU
		{DA4A6F06-7D65-4571-97D7-B6D403251ADF}.Release|x64.Build.0 = Release|Any CPU
		{DA4A6F06-7D65-4571-97D7-B6D403251ADF}.Release|x86.ActiveCfg = Release|Any CPU
		{DA4A6F06-7D65-4571-97D7-B6D403251ADF}.Release|x86.Build.0 = Release|Any CPU
	EndGlobalSection
	GlobalSection(SolutionProperties) = preSolution
		HideSolutionNode = FALSE
	EndGlobalSection
	GlobalSection(ExtensibilityGlobals) = postSolution
		SolutionGuid = {F9D964C1-2C56-4B64-91FF-B9EF0FDECC05}
	EndGlobalSection
EndGlobal
